
Microsoft Visual Studio Solution File, Format Version 12.00
# Visual Studio Version 17
VisualStudioVersion = 17.0.31903.59
MinimumVisualStudioVersion = 10.0.40219.1
Project("{FAE04EC0-301F-11D3-BF4B-00C04F79EFBC}") = "Iceoryx2", "src\Iceoryx2\Iceoryx2.csproj", "{A1B2C3D4-E5F6-7890-ABCD-EF1234567890}"
EndProject
Project("{FAE04EC0-301F-11D3-BF4B-00C04F79EFBC}") = "Iceoryx2.Tests", "tests\Iceoryx2.Tests.csproj", "{B2C3D4E5-F678-90AB-CDEF-123456789012}"
EndProject
Project("{FAE04EC0-301F-11D3-BF4B-00C04F79EFBC}") = "PublishSubscribe", "examples\PublishSubscribe\PublishSubscribe.csproj", "{D4E5F678-90AB-CDEF-1234-567890123456}"
EndProject
Project("{FAE04EC0-301F-11D3-BF4B-00C04F79EFBC}") = "ComplexDataTypes", "examples\ComplexDataTypes\ComplexDataTypes.csproj", "{C9E9C880-E09E-4D1A-9E6D-F05849446CEC}"
EndProject
Project("{FAE04EC0-301F-11D3-BF4B-00C04F79EFBC}") = "RuntimeTest", "examples\RuntimeTest\RuntimeTest.csproj", "{9C2940D3-7D90-4E84-9EAF-4175F96DDE14}"
EndProject
Project("{FAE04EC0-301F-11D3-BF4B-00C04F79EFBC}") = "RequestResponse", "examples\RequestResponse\RequestResponse.csproj", "{E5F67890-1ABC-DEF2-3456-7890ABCDEF12}"
EndProject
Project("{FAE04EC0-301F-11D3-BF4B-00C04F79EFBC}") = "AsyncPubSub", "examples\AsyncPubSub\AsyncPubSub.csproj", "{F6789012-3BCD-EF45-6789-0123456789AB}"
EndProject
Project("{2150E333-8FDC-42A3-9474-1A3956D46DE8}") = "Examples", "Examples", "{BC3A1E43-FC68-4656-A0AC-705B63F41D3C}"
EndProject
Project("{2150E333-8FDC-42A3-9474-1A3956D46DE8}") = "Tests", "Tests", "{1C3B2C3D-2431-4EB5-A3AC-9A62606EDF33}"
EndProject
Project("{FAE04EC0-301F-11D3-BF4B-00C04F79EFBC}") = "Logging", "examples\Logging\Logging.csproj", "{C6F47001-C35C-4A06-928D-A53C69B00024}"
EndProject
Project("{FAE04EC0-301F-11D3-BF4B-00C04F79EFBC}") = "WaitSetMultiplexing", "examples\WaitSetMultiplexing\WaitSetMultiplexing.csproj", "{4FBA60AF-B651-418F-B6E5-6981AC7F4723}"
EndProject
Project("{FAE04EC0-301F-11D3-BF4B-00C04F79EFBC}") = "ObservableWaitSet", "examples\ObservableWaitSet\ObservableWaitSet.csproj", "{4534918A-3DAA-4615-A7D8-786E1D70A94C}"
EndProject
Project("{FAE04EC0-301F-11D3-BF4B-00C04F79EFBC}") = "Iceoryx2.Reactive", "src\Iceoryx2.Reactive\Iceoryx2.Reactive.csproj", "{5ECB5170-9160-4617-B34C-354E19960DA8}"
EndProject
Project("{FAE04EC0-301F-11D3-BF4B-00C04F79EFBC}") = "ReactiveExample", "examples\ReactiveExample\ReactiveExample.csproj", "{6FDC6281-A271-5728-C45D-465F2A071EB9}"
EndProject
Project("{FAE04EC0-301F-11D3-BF4B-00C04F79EFBC}") = "ReactiveEventExample", "examples\ReactiveEventExample\ReactiveEventExample.csproj", "{D7A9FC8F-E6C8-48BD-8F76-23FFE92A5E97}"
EndProject
Project("{FAE04EC0-301F-11D3-BF4B-00C04F79EFBC}") = "LoggingIntegration", "examples\LoggingIntegration\LoggingIntegration.csproj", "{E18D3E1E-7824-4346-9A03-C3A7C50E48E7}"
EndProject
Project("{FAE04EC0-301F-11D3-BF4B-00C04F79EFBC}") = "WaitSetAsyncEnumerable", "examples\WaitSetAsyncEnumerable\WaitSetAsyncEnumerable.csproj", "{5CD461C6-9067-4CD7-AA91-EE377DDAC48F}"
EndProject
Project("{FAE04EC0-301F-11D3-BF4B-00C04F79EFBC}") = "QualityOfService", "examples\QualityOfService\QualityOfService.csproj", "{6E49893E-EBFA-46BE-BE18-E1C1CC1F186F}"
EndProject
Project("{FAE04EC0-301F-11D3-BF4B-00C04F79EFBC}") = "ServiceDiscovery", "examples\ServiceDiscovery\ServiceDiscovery.csproj", "{B8D63E2A-B1F4-47A4-8793-B117D9649369}"
EndProject
Project("{FAE04EC0-301F-11D3-BF4B-00C04F79EFBC}") = "TaskCommunication", "examples\TaskCommunication\TaskCommunication.csproj", "{7F8E9D0A-1B2C-3D4E-5F6A-7B8C9D0E1F2A}"
EndProject
Project("{FAE04EC0-301F-11D3-BF4B-00C04F79EFBC}") = "ArrayOfStructs", "examples\ArrayOfStructs\ArrayOfStructs.csproj", "{3F880AD9-6564-44C4-BCE0-4B841AD46F4A}"
EndProject
Global
	GlobalSection(SolutionConfigurationPlatforms) = preSolution
		Debug|Any CPU = Debug|Any CPU
		Debug|x64 = Debug|x64
		Debug|x86 = Debug|x86
		Release|Any CPU = Release|Any CPU
		Release|x64 = Release|x64
		Release|x86 = Release|x86
	EndGlobalSection
	GlobalSection(ProjectConfigurationPlatforms) = postSolution
		{A1B2C3D4-E5F6-7890-ABCD-EF1234567890}.Debug|Any CPU.ActiveCfg = Debug|Any CPU
		{A1B2C3D4-E5F6-7890-ABCD-EF1234567890}.Debug|Any CPU.Build.0 = Debug|Any CPU
		{A1B2C3D4-E5F6-7890-ABCD-EF1234567890}.Debug|x64.ActiveCfg = Debug|Any CPU
		{A1B2C3D4-E5F6-7890-ABCD-EF1234567890}.Debug|x64.Build.0 = Debug|Any CPU
		{A1B2C3D4-E5F6-7890-ABCD-EF1234567890}.Debug|x86.ActiveCfg = Debug|Any CPU
		{A1B2C3D4-E5F6-7890-ABCD-EF1234567890}.Debug|x86.Build.0 = Debug|Any CPU
		{A1B2C3D4-E5F6-7890-ABCD-EF1234567890}.Release|Any CPU.ActiveCfg = Release|Any CPU
		{A1B2C3D4-E5F6-7890-ABCD-EF1234567890}.Release|Any CPU.Build.0 = Release|Any CPU
		{A1B2C3D4-E5F6-7890-ABCD-EF1234567890}.Release|x64.ActiveCfg = Release|Any CPU
		{A1B2C3D4-E5F6-7890-ABCD-EF1234567890}.Release|x64.Build.0 = Release|Any CPU
		{A1B2C3D4-E5F6-7890-ABCD-EF1234567890}.Release|x86.ActiveCfg = Release|Any CPU
		{A1B2C3D4-E5F6-7890-ABCD-EF1234567890}.Release|x86.Build.0 = Release|Any CPU
		{B2C3D4E5-F678-90AB-CDEF-123456789012}.Debug|Any CPU.ActiveCfg = Debug|Any CPU
		{B2C3D4E5-F678-90AB-CDEF-123456789012}.Debug|Any CPU.Build.0 = Debug|Any CPU
		{B2C3D4E5-F678-90AB-CDEF-123456789012}.Debug|x64.ActiveCfg = Debug|Any CPU
		{B2C3D4E5-F678-90AB-CDEF-123456789012}.Debug|x64.Build.0 = Debug|Any CPU
		{B2C3D4E5-F678-90AB-CDEF-123456789012}.Debug|x86.ActiveCfg = Debug|Any CPU
		{B2C3D4E5-F678-90AB-CDEF-123456789012}.Debug|x86.Build.0 = Debug|Any CPU
		{B2C3D4E5-F678-90AB-CDEF-123456789012}.Release|Any CPU.ActiveCfg = Release|Any CPU
		{B2C3D4E5-F678-90AB-CDEF-123456789012}.Release|Any CPU.Build.0 = Release|Any CPU
		{B2C3D4E5-F678-90AB-CDEF-123456789012}.Release|x64.ActiveCfg = Release|Any CPU
		{B2C3D4E5-F678-90AB-CDEF-123456789012}.Release|x64.Build.0 = Release|Any CPU
		{B2C3D4E5-F678-90AB-CDEF-123456789012}.Release|x86.ActiveCfg = Release|Any CPU
		{B2C3D4E5-F678-90AB-CDEF-123456789012}.Release|x86.Build.0 = Release|Any CPU
		{D4E5F678-90AB-CDEF-1234-567890123456}.Debug|Any CPU.ActiveCfg = Debug|Any CPU
		{D4E5F678-90AB-CDEF-1234-567890123456}.Debug|Any CPU.Build.0 = Debug|Any CPU
		{D4E5F678-90AB-CDEF-1234-567890123456}.Debug|x64.ActiveCfg = Debug|Any CPU
		{D4E5F678-90AB-CDEF-1234-567890123456}.Debug|x64.Build.0 = Debug|Any CPU
		{D4E5F678-90AB-CDEF-1234-567890123456}.Debug|x86.ActiveCfg = Debug|Any CPU
		{D4E5F678-90AB-CDEF-1234-567890123456}.Debug|x86.Build.0 = Debug|Any CPU
		{D4E5F678-90AB-CDEF-1234-567890123456}.Release|Any CPU.ActiveCfg = Release|Any CPU
		{D4E5F678-90AB-CDEF-1234-567890123456}.Release|Any CPU.Build.0 = Release|Any CPU
		{D4E5F678-90AB-CDEF-1234-567890123456}.Release|x64.ActiveCfg = Release|Any CPU
		{D4E5F678-90AB-CDEF-1234-567890123456}.Release|x64.Build.0 = Release|Any CPU
		{D4E5F678-90AB-CDEF-1234-567890123456}.Release|x86.ActiveCfg = Release|Any CPU
		{D4E5F678-90AB-CDEF-1234-567890123456}.Release|x86.Build.0 = Release|Any CPU
		{C9E9C880-E09E-4D1A-9E6D-F05849446CEC}.Debug|Any CPU.ActiveCfg = Debug|Any CPU
		{C9E9C880-E09E-4D1A-9E6D-F05849446CEC}.Debug|Any CPU.Build.0 = Debug|Any CPU
		{C9E9C880-E09E-4D1A-9E6D-F05849446CEC}.Debug|x64.ActiveCfg = Debug|Any CPU
		{C9E9C880-E09E-4D1A-9E6D-F05849446CEC}.Debug|x64.Build.0 = Debug|Any CPU
		{C9E9C880-E09E-4D1A-9E6D-F05849446CEC}.Debug|x86.ActiveCfg = Debug|Any CPU
		{C9E9C880-E09E-4D1A-9E6D-F05849446CEC}.Debug|x86.Build.0 = Debug|Any CPU
		{C9E9C880-E09E-4D1A-9E6D-F05849446CEC}.Release|Any CPU.ActiveCfg = Release|Any CPU
		{C9E9C880-E09E-4D1A-9E6D-F05849446CEC}.Release|Any CPU.Build.0 = Release|Any CPU
		{C9E9C880-E09E-4D1A-9E6D-F05849446CEC}.Release|x64.ActiveCfg = Release|Any CPU
		{C9E9C880-E09E-4D1A-9E6D-F05849446CEC}.Release|x64.Build.0 = Release|Any CPU
		{C9E9C880-E09E-4D1A-9E6D-F05849446CEC}.Release|x86.ActiveCfg = Release|Any CPU
		{C9E9C880-E09E-4D1A-9E6D-F05849446CEC}.Release|x86.Build.0 = Release|Any CPU
		{9C2940D3-7D90-4E84-9EAF-4175F96DDE14}.Debug|Any CPU.ActiveCfg = Debug|Any CPU
		{9C2940D3-7D90-4E84-9EAF-4175F96DDE14}.Debug|Any CPU.Build.0 = Debug|Any CPU
		{9C2940D3-7D90-4E84-9EAF-4175F96DDE14}.Debug|x64.ActiveCfg = Debug|Any CPU
		{9C2940D3-7D90-4E84-9EAF-4175F96DDE14}.Debug|x64.Build.0 = Debug|Any CPU
		{9C2940D3-7D90-4E84-9EAF-4175F96DDE14}.Debug|x86.ActiveCfg = Debug|Any CPU
		{9C2940D3-7D90-4E84-9EAF-4175F96DDE14}.Debug|x86.Build.0 = Debug|Any CPU
		{9C2940D3-7D90-4E84-9EAF-4175F96DDE14}.Release|Any CPU.ActiveCfg = Release|Any CPU
		{9C2940D3-7D90-4E84-9EAF-4175F96DDE14}.Release|Any CPU.Build.0 = Release|Any CPU
		{9C2940D3-7D90-4E84-9EAF-4175F96DDE14}.Release|x64.ActiveCfg = Release|Any CPU
		{9C2940D3-7D90-4E84-9EAF-4175F96DDE14}.Release|x64.Build.0 = Release|Any CPU
		{9C2940D3-7D90-4E84-9EAF-4175F96DDE14}.Release|x86.ActiveCfg = Release|Any CPU
		{9C2940D3-7D90-4E84-9EAF-4175F96DDE14}.Release|x86.Build.0 = Release|Any CPU
		{E5F67890-1ABC-DEF2-3456-7890ABCDEF12}.Debug|Any CPU.ActiveCfg = Debug|Any CPU
		{E5F67890-1ABC-DEF2-3456-7890ABCDEF12}.Debug|Any CPU.Build.0 = Debug|Any CPU
		{E5F67890-1ABC-DEF2-3456-7890ABCDEF12}.Debug|x64.ActiveCfg = Debug|Any CPU
		{E5F67890-1ABC-DEF2-3456-7890ABCDEF12}.Debug|x64.Build.0 = Debug|Any CPU
		{E5F67890-1ABC-DEF2-3456-7890ABCDEF12}.Debug|x86.ActiveCfg = Debug|Any CPU
		{E5F67890-1ABC-DEF2-3456-7890ABCDEF12}.Debug|x86.Build.0 = Debug|Any CPU
		{E5F67890-1ABC-DEF2-3456-7890ABCDEF12}.Release|Any CPU.ActiveCfg = Release|Any CPU
		{E5F67890-1ABC-DEF2-3456-7890ABCDEF12}.Release|Any CPU.Build.0 = Release|Any CPU
		{E5F67890-1ABC-DEF2-3456-7890ABCDEF12}.Release|x64.ActiveCfg = Release|Any CPU
		{E5F67890-1ABC-DEF2-3456-7890ABCDEF12}.Release|x64.Build.0 = Release|Any CPU
		{E5F67890-1ABC-DEF2-3456-7890ABCDEF12}.Release|x86.ActiveCfg = Release|Any CPU
		{E5F67890-1ABC-DEF2-3456-7890ABCDEF12}.Release|x86.Build.0 = Release|Any CPU
		{F6789012-3BCD-EF45-6789-0123456789AB}.Debug|Any CPU.ActiveCfg = Debug|Any CPU
		{F6789012-3BCD-EF45-6789-0123456789AB}.Debug|Any CPU.Build.0 = Debug|Any CPU
		{F6789012-3BCD-EF45-6789-0123456789AB}.Debug|x64.ActiveCfg = Debug|Any CPU
		{F6789012-3BCD-EF45-6789-0123456789AB}.Debug|x64.Build.0 = Debug|Any CPU
		{F6789012-3BCD-EF45-6789-0123456789AB}.Debug|x86.ActiveCfg = Debug|Any CPU
		{F6789012-3BCD-EF45-6789-0123456789AB}.Debug|x86.Build.0 = Debug|Any CPU
		{F6789012-3BCD-EF45-6789-0123456789AB}.Release|Any CPU.ActiveCfg = Release|Any CPU
		{F6789012-3BCD-EF45-6789-0123456789AB}.Release|Any CPU.Build.0 = Release|Any CPU
		{F6789012-3BCD-EF45-6789-0123456789AB}.Release|x64.ActiveCfg = Release|Any CPU
		{F6789012-3BCD-EF45-6789-0123456789AB}.Release|x64.Build.0 = Release|Any CPU
		{F6789012-3BCD-EF45-6789-0123456789AB}.Release|x86.ActiveCfg = Release|Any CPU
		{F6789012-3BCD-EF45-6789-0123456789AB}.Release|x86.Build.0 = Release|Any CPU
		{C6F47001-C35C-4A06-928D-A53C69B00024}.Debug|Any CPU.ActiveCfg = Debug|Any CPU
		{C6F47001-C35C-4A06-928D-A53C69B00024}.Debug|Any CPU.Build.0 = Debug|Any CPU
		{C6F47001-C35C-4A06-928D-A53C69B00024}.Debug|x64.ActiveCfg = Debug|Any CPU
		{C6F47001-C35C-4A06-928D-A53C69B00024}.Debug|x64.Build.0 = Debug|Any CPU
		{C6F47001-C35C-4A06-928D-A53C69B00024}.Debug|x86.ActiveCfg = Debug|Any CPU
		{C6F47001-C35C-4A06-928D-A53C69B00024}.Debug|x86.Build.0 = Debug|Any CPU
		{C6F47001-C35C-4A06-928D-A53C69B00024}.Release|Any CPU.ActiveCfg = Release|Any CPU
		{C6F47001-C35C-4A06-928D-A53C69B00024}.Release|Any CPU.Build.0 = Release|Any CPU
		{C6F47001-C35C-4A06-928D-A53C69B00024}.Release|x64.ActiveCfg = Release|Any CPU
		{C6F47001-C35C-4A06-928D-A53C69B00024}.Release|x64.Build.0 = Release|Any CPU
		{C6F47001-C35C-4A06-928D-A53C69B00024}.Release|x86.ActiveCfg = Release|Any CPU
		{C6F47001-C35C-4A06-928D-A53C69B00024}.Release|x86.Build.0 = Release|Any CPU
		{4FBA60AF-B651-418F-B6E5-6981AC7F4723}.Debug|Any CPU.ActiveCfg = Debug|Any CPU
		{4FBA60AF-B651-418F-B6E5-6981AC7F4723}.Debug|Any CPU.Build.0 = Debug|Any CPU
		{4FBA60AF-B651-418F-B6E5-6981AC7F4723}.Debug|x64.ActiveCfg = Debug|Any CPU
		{4FBA60AF-B651-418F-B6E5-6981AC7F4723}.Debug|x64.Build.0 = Debug|Any CPU
		{4FBA60AF-B651-418F-B6E5-6981AC7F4723}.Debug|x86.ActiveCfg = Debug|Any CPU
		{4FBA60AF-B651-418F-B6E5-6981AC7F4723}.Debug|x86.Build.0 = Debug|Any CPU
		{4FBA60AF-B651-418F-B6E5-6981AC7F4723}.Release|Any CPU.ActiveCfg = Release|Any CPU
		{4FBA60AF-B651-418F-B6E5-6981AC7F4723}.Release|Any CPU.Build.0 = Release|Any CPU
		{4FBA60AF-B651-418F-B6E5-6981AC7F4723}.Release|x64.ActiveCfg = Release|Any CPU
		{4FBA60AF-B651-418F-B6E5-6981AC7F4723}.Release|x64.Build.0 = Release|Any CPU
		{4FBA60AF-B651-418F-B6E5-6981AC7F4723}.Release|x86.ActiveCfg = Release|Any CPU
		{4FBA60AF-B651-418F-B6E5-6981AC7F4723}.Release|x86.Build.0 = Release|Any CPU
		{4534918A-3DAA-4615-A7D8-786E1D70A94C}.Debug|Any CPU.ActiveCfg = Debug|Any CPU
		{4534918A-3DAA-4615-A7D8-786E1D70A94C}.Debug|Any CPU.Build.0 = Debug|Any CPU
		{4534918A-3DAA-4615-A7D8-786E1D70A94C}.Debug|x64.ActiveCfg = Debug|Any CPU
		{4534918A-3DAA-4615-A7D8-786E1D70A94C}.Debug|x64.Build.0 = Debug|Any CPU
		{4534918A-3DAA-4615-A7D8-786E1D70A94C}.Debug|x86.ActiveCfg = Debug|Any CPU
		{4534918A-3DAA-4615-A7D8-786E1D70A94C}.Debug|x86.Build.0 = Debug|Any CPU
		{4534918A-3DAA-4615-A7D8-786E1D70A94C}.Release|Any CPU.ActiveCfg = Release|Any CPU
		{4534918A-3DAA-4615-A7D8-786E1D70A94C}.Release|Any CPU.Build.0 = Release|Any CPU
		{4534918A-3DAA-4615-A7D8-786E1D70A94C}.Release|x64.ActiveCfg = Release|Any CPU
		{4534918A-3DAA-4615-A7D8-786E1D70A94C}.Release|x64.Build.0 = Release|Any CPU
		{4534918A-3DAA-4615-A7D8-786E1D70A94C}.Release|x86.ActiveCfg = Release|Any CPU
		{4534918A-3DAA-4615-A7D8-786E1D70A94C}.Release|x86.Build.0 = Release|Any CPU
		{5ECB5170-9160-4617-B34C-354E19960DA8}.Debug|Any CPU.ActiveCfg = Debug|Any CPU
		{5ECB5170-9160-4617-B34C-354E19960DA8}.Debug|Any CPU.Build.0 = Debug|Any CPU
		{5ECB5170-9160-4617-B34C-354E19960DA8}.Debug|x64.ActiveCfg = Debug|Any CPU
		{5ECB5170-9160-4617-B34C-354E19960DA8}.Debug|x64.Build.0 = Debug|Any CPU
		{5ECB5170-9160-4617-B34C-354E19960DA8}.Debug|x86.ActiveCfg = Debug|Any CPU
		{5ECB5170-9160-4617-B34C-354E19960DA8}.Debug|x86.Build.0 = Debug|Any CPU
		{5ECB5170-9160-4617-B34C-354E19960DA8}.Release|Any CPU.ActiveCfg = Release|Any CPU
		{5ECB5170-9160-4617-B34C-354E19960DA8}.Release|Any CPU.Build.0 = Release|Any CPU
		{5ECB5170-9160-4617-B34C-354E19960DA8}.Release|x64.ActiveCfg = Release|Any CPU
		{5ECB5170-9160-4617-B34C-354E19960DA8}.Release|x64.Build.0 = Release|Any CPU
		{5ECB5170-9160-4617-B34C-354E19960DA8}.Release|x86.ActiveCfg = Release|Any CPU
		{5ECB5170-9160-4617-B34C-354E19960DA8}.Release|x86.Build.0 = Release|Any CPU
		{6FDC6281-A271-5728-C45D-465F2A071EB9}.Debug|Any CPU.ActiveCfg = Debug|Any CPU
		{6FDC6281-A271-5728-C45D-465F2A071EB9}.Debug|Any CPU.Build.0 = Debug|Any CPU
		{6FDC6281-A271-5728-C45D-465F2A071EB9}.Debug|x64.ActiveCfg = Debug|Any CPU
		{6FDC6281-A271-5728-C45D-465F2A071EB9}.Debug|x64.Build.0 = Debug|Any CPU
		{6FDC6281-A271-5728-C45D-465F2A071EB9}.Debug|x86.ActiveCfg = Debug|Any CPU
		{6FDC6281-A271-5728-C45D-465F2A071EB9}.Debug|x86.Build.0 = Debug|Any CPU
		{6FDC6281-A271-5728-C45D-465F2A071EB9}.Release|Any CPU.ActiveCfg = Release|Any CPU
		{6FDC6281-A271-5728-C45D-465F2A071EB9}.Release|Any CPU.Build.0 = Release|Any CPU
		{6FDC6281-A271-5728-C45D-465F2A071EB9}.Release|x64.ActiveCfg = Release|Any CPU
		{6FDC6281-A271-5728-C45D-465F2A071EB9}.Release|x64.Build.0 = Release|Any CPU
		{6FDC6281-A271-5728-C45D-465F2A071EB9}.Release|x86.ActiveCfg = Release|Any CPU
		{6FDC6281-A271-5728-C45D-465F2A071EB9}.Release|x86.Build.0 = Release|Any CPU
		{D7A9FC8F-E6C8-48BD-8F76-23FFE92A5E97}.Debug|Any CPU.ActiveCfg = Debug|Any CPU
		{D7A9FC8F-E6C8-48BD-8F76-23FFE92A5E97}.Debug|Any CPU.Build.0 = Debug|Any CPU
		{D7A9FC8F-E6C8-48BD-8F76-23FFE92A5E97}.Debug|x64.ActiveCfg = Debug|Any CPU
		{D7A9FC8F-E6C8-48BD-8F76-23FFE92A5E97}.Debug|x64.Build.0 = Debug|Any CPU
		{D7A9FC8F-E6C8-48BD-8F76-23FFE92A5E97}.Debug|x86.ActiveCfg = Debug|Any CPU
		{D7A9FC8F-E6C8-48BD-8F76-23FFE92A5E97}.Debug|x86.Build.0 = Debug|Any CPU
		{D7A9FC8F-E6C8-48BD-8F76-23FFE92A5E97}.Release|Any CPU.ActiveCfg = Release|Any CPU
		{D7A9FC8F-E6C8-48BD-8F76-23FFE92A5E97}.Release|Any CPU.Build.0 = Release|Any CPU
		{D7A9FC8F-E6C8-48BD-8F76-23FFE92A5E97}.Release|x64.ActiveCfg = Release|Any CPU
		{D7A9FC8F-E6C8-48BD-8F76-23FFE92A5E97}.Release|x64.Build.0 = Release|Any CPU
		{D7A9FC8F-E6C8-48BD-8F76-23FFE92A5E97}.Release|x86.ActiveCfg = Release|Any CPU
		{D7A9FC8F-E6C8-48BD-8F76-23FFE92A5E97}.Release|x86.Build.0 = Release|Any CPU
		{E18D3E1E-7824-4346-9A03-C3A7C50E48E7}.Debug|Any CPU.ActiveCfg = Debug|Any CPU
		{E18D3E1E-7824-4346-9A03-C3A7C50E48E7}.Debug|Any CPU.Build.0 = Debug|Any CPU
		{E18D3E1E-7824-4346-9A03-C3A7C50E48E7}.Debug|x64.ActiveCfg = Debug|Any CPU
		{E18D3E1E-7824-4346-9A03-C3A7C50E48E7}.Debug|x64.Build.0 = Debug|Any CPU
		{E18D3E1E-7824-4346-9A03-C3A7C50E48E7}.Debug|x86.ActiveCfg = Debug|Any CPU
		{E18D3E1E-7824-4346-9A03-C3A7C50E48E7}.Debug|x86.Build.0 = Debug|Any CPU
		{E18D3E1E-7824-4346-9A03-C3A7C50E48E7}.Release|Any CPU.ActiveCfg = Release|Any CPU
		{E18D3E1E-7824-4346-9A03-C3A7C50E48E7}.Release|Any CPU.Build.0 = Release|Any CPU
		{E18D3E1E-7824-4346-9A03-C3A7C50E48E7}.Release|x64.ActiveCfg = Release|Any CPU
		{E18D3E1E-7824-4346-9A03-C3A7C50E48E7}.Release|x64.Build.0 = Release|Any CPU
		{E18D3E1E-7824-4346-9A03-C3A7C50E48E7}.Release|x86.ActiveCfg = Release|Any CPU
		{E18D3E1E-7824-4346-9A03-C3A7C50E48E7}.Release|x86.Build.0 = Release|Any CPU
		{5CD461C6-9067-4CD7-AA91-EE377DDAC48F}.Debug|Any CPU.ActiveCfg = Debug|Any CPU
		{5CD461C6-9067-4CD7-AA91-EE377DDAC48F}.Debug|Any CPU.Build.0 = Debug|Any CPU
		{5CD461C6-9067-4CD7-AA91-EE377DDAC48F}.Debug|x64.ActiveCfg = Debug|Any CPU
		{5CD461C6-9067-4CD7-AA91-EE377DDAC48F}.Debug|x64.Build.0 = Debug|Any CPU
		{5CD461C6-9067-4CD7-AA91-EE377DDAC48F}.Debug|x86.ActiveCfg = Debug|Any CPU
		{5CD461C6-9067-4CD7-AA91-EE377DDAC48F}.Debug|x86.Build.0 = Debug|Any CPU
		{5CD461C6-9067-4CD7-AA91-EE377DDAC48F}.Release|Any CPU.ActiveCfg = Release|Any CPU
		{5CD461C6-9067-4CD7-AA91-EE377DDAC48F}.Release|Any CPU.Build.0 = Release|Any CPU
		{5CD461C6-9067-4CD7-AA91-EE377DDAC48F}.Release|x64.ActiveCfg = Release|Any CPU
		{5CD461C6-9067-4CD7-AA91-EE377DDAC48F}.Release|x64.Build.0 = Release|Any CPU
		{5CD461C6-9067-4CD7-AA91-EE377DDAC48F}.Release|x86.ActiveCfg = Release|Any CPU
		{5CD461C6-9067-4CD7-AA91-EE377DDAC48F}.Release|x86.Build.0 = Release|Any CPU
		{6E49893E-EBFA-46BE-BE18-E1C1CC1F186F}.Debug|Any CPU.ActiveCfg = Debug|Any CPU
		{6E49893E-EBFA-46BE-BE18-E1C1CC1F186F}.Debug|Any CPU.Build.0 = Debug|Any CPU
		{6E49893E-EBFA-46BE-BE18-E1C1CC1F186F}.Debug|x64.ActiveCfg = Debug|Any CPU
		{6E49893E-EBFA-46BE-BE18-E1C1CC1F186F}.Debug|x64.Build.0 = Debug|Any CPU
		{6E49893E-EBFA-46BE-BE18-E1C1CC1F186F}.Debug|x86.ActiveCfg = Debug|Any CPU
		{6E49893E-EBFA-46BE-BE18-E1C1CC1F186F}.Debug|x86.Build.0 = Debug|Any CPU
		{6E49893E-EBFA-46BE-BE18-E1C1CC1F186F}.Release|Any CPU.ActiveCfg = Release|Any CPU
		{6E49893E-EBFA-46BE-BE18-E1C1CC1F186F}.Release|Any CPU.Build.0 = Release|Any CPU
		{6E49893E-EBFA-46BE-BE18-E1C1CC1F186F}.Release|x64.ActiveCfg = Release|Any CPU
		{6E49893E-EBFA-46BE-BE18-E1C1CC1F186F}.Release|x64.Build.0 = Release|Any CPU
		{6E49893E-EBFA-46BE-BE18-E1C1CC1F186F}.Release|x86.ActiveCfg = Release|Any CPU
		{6E49893E-EBFA-46BE-BE18-E1C1CC1F186F}.Release|x86.Build.0 = Release|Any CPU
		{B8D63E2A-B1F4-47A4-8793-B117D9649369}.Debug|Any CPU.ActiveCfg = Debug|Any CPU
		{B8D63E2A-B1F4-47A4-8793-B117D9649369}.Debug|Any CPU.Build.0 = Debug|Any CPU
		{B8D63E2A-B1F4-47A4-8793-B117D9649369}.Debug|x64.ActiveCfg = Debug|Any CPU
		{B8D63E2A-B1F4-47A4-8793-B117D9649369}.Debug|x64.Build.0 = Debug|Any CPU
		{B8D63E2A-B1F4-47A4-8793-B117D9649369}.Debug|x86.ActiveCfg = Debug|Any CPU
		{B8D63E2A-B1F4-47A4-8793-B117D9649369}.Debug|x86.Build.0 = Debug|Any CPU
		{B8D63E2A-B1F4-47A4-8793-B117D9649369}.Release|Any CPU.ActiveCfg = Release|Any CPU
		{B8D63E2A-B1F4-47A4-8793-B117D9649369}.Release|Any CPU.Build.0 = Release|Any CPU
		{B8D63E2A-B1F4-47A4-8793-B117D9649369}.Release|x64.ActiveCfg = Release|Any CPU
		{B8D63E2A-B1F4-47A4-8793-B117D9649369}.Release|x64.Build.0 = Release|Any CPU
		{B8D63E2A-B1F4-47A4-8793-B117D9649369}.Release|x86.ActiveCfg = Release|Any CPU
		{B8D63E2A-B1F4-47A4-8793-B117D9649369}.Release|x86.Build.0 = Release|Any CPU
		{7F8E9D0A-1B2C-3D4E-5F6A-7B8C9D0E1F2A}.Debug|Any CPU.ActiveCfg = Debug|Any CPU
		{7F8E9D0A-1B2C-3D4E-5F6A-7B8C9D0E1F2A}.Debug|Any CPU.Build.0 = Debug|Any CPU
		{7F8E9D0A-1B2C-3D4E-5F6A-7B8C9D0E1F2A}.Debug|x64.ActiveCfg = Debug|Any CPU
		{7F8E9D0A-1B2C-3D4E-5F6A-7B8C9D0E1F2A}.Debug|x64.Build.0 = Debug|Any CPU
		{7F8E9D0A-1B2C-3D4E-5F6A-7B8C9D0E1F2A}.Debug|x86.ActiveCfg = Debug|Any CPU
		{7F8E9D0A-1B2C-3D4E-5F6A-7B8C9D0E1F2A}.Debug|x86.Build.0 = Debug|Any CPU
		{7F8E9D0A-1B2C-3D4E-5F6A-7B8C9D0E1F2A}.Release|Any CPU.ActiveCfg = Release|Any CPU
		{7F8E9D0A-1B2C-3D4E-5F6A-7B8C9D0E1F2A}.Release|Any CPU.Build.0 = Release|Any CPU
		{7F8E9D0A-1B2C-3D4E-5F6A-7B8C9D0E1F2A}.Release|x64.ActiveCfg = Release|Any CPU
		{7F8E9D0A-1B2C-3D4E-5F6A-7B8C9D0E1F2A}.Release|x64.Build.0 = Release|Any CPU
		{7F8E9D0A-1B2C-3D4E-5F6A-7B8C9D0E1F2A}.Release|x86.ActiveCfg = Release|Any CPU
		{7F8E9D0A-1B2C-3D4E-5F6A-7B8C9D0E1F2A}.Release|x86.Build.0 = Release|Any CPU
		{3F880AD9-6564-44C4-BCE0-4B841AD46F4A}.Debug|Any CPU.ActiveCfg = Debug|Any CPU
		{3F880AD9-6564-44C4-BCE0-4B841AD46F4A}.Debug|Any CPU.Build.0 = Debug|Any CPU
		{3F880AD9-6564-44C4-BCE0-4B841AD46F4A}.Debug|x64.ActiveCfg = Debug|Any CPU
		{3F880AD9-6564-44C4-BCE0-4B841AD46F4A}.Debug|x64.Build.0 = Debug|Any CPU
		{3F880AD9-6564-44C4-BCE0-4B841AD46F4A}.Debug|x86.ActiveCfg = Debug|Any CPU
		{3F880AD9-6564-44C4-BCE0-4B841AD46F4A}.Debug|x86.Build.0 = Debug|Any CPU
		{3F880AD9-6564-44C4-BCE0-4B841AD46F4A}.Release|Any CPU.ActiveCfg = Release|Any CPU
		{3F880AD9-6564-44C4-BCE0-4B841AD46F4A}.Release|Any CPU.Build.0 = Release|Any CPU
		{3F880AD9-6564-44C4-BCE0-4B841AD46F4A}.Release|x64.ActiveCfg = Release|Any CPU
		{3F880AD9-6564-44C4-BCE0-4B841AD46F4A}.Release|x64.Build.0 = Release|Any CPU
		{3F880AD9-6564-44C4-BCE0-4B841AD46F4A}.Release|x86.ActiveCfg = Release|Any CPU
		{3F880AD9-6564-44C4-BCE0-4B841AD46F4A}.Release|x86.Build.0 = Release|Any CPU
	EndGlobalSection
	GlobalSection(SolutionProperties) = preSolution
		HideSolutionNode = FALSE
	EndGlobalSection
	GlobalSection(NestedProjects) = preSolution
		{F6789012-3BCD-EF45-6789-0123456789AB} = {BC3A1E43-FC68-4656-A0AC-705B63F41D3C}
		{D7A9FC8F-E6C8-48BD-8F76-23FFE92A5E97} = {BC3A1E43-FC68-4656-A0AC-705B63F41D3C}
		{B2C3D4E5-F678-90AB-CDEF-123456789012} = {1C3B2C3D-2431-4EB5-A3AC-9A62606EDF33}
		{C6F47001-C35C-4A06-928D-A53C69B00024} = {BC3A1E43-FC68-4656-A0AC-705B63F41D3C}
		{4534918A-3DAA-4615-A7D8-786E1D70A94C} = {BC3A1E43-FC68-4656-A0AC-705B63F41D3C}
		{D4E5F678-90AB-CDEF-1234-567890123456} = {BC3A1E43-FC68-4656-A0AC-705B63F41D3C}
		{6FDC6281-A271-5728-C45D-465F2A071EB9} = {BC3A1E43-FC68-4656-A0AC-705B63F41D3C}
		{E5F67890-1ABC-DEF2-3456-7890ABCDEF12} = {BC3A1E43-FC68-4656-A0AC-705B63F41D3C}
		{9C2940D3-7D90-4E84-9EAF-4175F96DDE14} = {BC3A1E43-FC68-4656-A0AC-705B63F41D3C}
		{4FBA60AF-B651-418F-B6E5-6981AC7F4723} = {BC3A1E43-FC68-4656-A0AC-705B63F41D3C}
		{C9E9C880-E09E-4D1A-9E6D-F05849446CEC} = {BC3A1E43-FC68-4656-A0AC-705B63F41D3C}
		{E18D3E1E-7824-4346-9A03-C3A7C50E48E7} = {BC3A1E43-FC68-4656-A0AC-705B63F41D3C}
		{5CD461C6-9067-4CD7-AA91-EE377DDAC48F} = {BC3A1E43-FC68-4656-A0AC-705B63F41D3C}
		{6E49893E-EBFA-46BE-BE18-E1C1CC1F186F} = {BC3A1E43-FC68-4656-A0AC-705B63F41D3C}
		{B8D63E2A-B1F4-47A4-8793-B117D9649369} = {BC3A1E43-FC68-4656-A0AC-705B63F41D3C}
		{7F8E9D0A-1B2C-3D4E-5F6A-7B8C9D0E1F2A} = {BC3A1E43-FC68-4656-A0AC-705B63F41D3C}
		{3F880AD9-6564-44C4-BCE0-4B841AD46F4A} = {BC3A1E43-FC68-4656-A0AC-705B63F41D3C}
	EndGlobalSection
EndGlobal
